
Microsoft Visual Studio Solution File, Format Version 12.00
# Visual Studio Version 17
VisualStudioVersion = 17.8.34330.188
MinimumVisualStudioVersion = 10.0.40219.1
Project("{FAE04EC0-301F-11D3-BF4B-00C04F79EFBC}") = "GB_Final_test", "GB_Final_test.csproj", "{E48B22B6-71CC-44EE-874E-1FF3776A08D4}"
EndProject
Global
	GlobalSection(SolutionConfigurationPlatforms) = preSolution
		Debug|Any CPU = Debug|Any CPU
		Release|Any CPU = Release|Any CPU
	EndGlobalSection
	GlobalSection(ProjectConfigurationPlatforms) = postSolution
		{E48B22B6-71CC-44EE-874E-1FF3776A08D4}.Debug|Any CPU.ActiveCfg = Debug|Any CPU
		{E48B22B6-71CC-44EE-874E-1FF3776A08D4}.Debug|Any CPU.Build.0 = Debug|Any CPU
		{E48B22B6-71CC-44EE-874E-1FF3776A08D4}.Release|Any CPU.ActiveCfg = Release|Any CPU
		{E48B22B6-71CC-44EE-874E-1FF3776A08D4}.Release|Any CPU.Build.0 = Release|Any CPU
	EndGlobalSection
	GlobalSection(SolutionProperties) = preSolution
		HideSolutionNode = FALSE
	EndGlobalSection
	GlobalSection(ExtensibilityGlobals) = postSolution
		SolutionGuid = {863F14D4-FE38-41E4-9720-02A684514EB9}
	EndGlobalSection
EndGlobal
